# @generated by Move, please check-in and do not edit manually.

[move]
version = 3
manifest_digest = "CF76304DABF6C054E639AD65D0FDF882E3F2E54CF38F5A12A582BC3CFC19C4B9"
deps_digest = "F8BBB0CCB2491CA29A3DF03D6F92277A4F3574266507ACD77214D37ECA3F3082"
dependencies = [
  { id = "Sui", name = "Sui" },
]

[[move.package]]
id = "MoveStdlib"
source = { git = "https://github.com/MystenLabs/sui.git", rev = "framework/testnet", subdir = "crates/sui-framework/packages/move-stdlib" }

[[move.package]]
id = "Sui"
source = { git = "https://github.com/MystenLabs/sui.git", rev = "framework/testnet", subdir = "crates/sui-framework/packages/sui-framework" }

dependencies = [
  { id = "MoveStdlib", name = "MoveStdlib" },
]

[move.toolchain-version]
compiler-version = "1.39.3"
edition = "2024.beta"
flavor = "sui"

[env]

[env.custom]
chain-id = "663dca31"
original-published-id = "0x41b7387c178d48a763a94966b63e3f6a2df4c5d1dcb2934257674680cf834d9e"
latest-published-id = "0x41b7387c178d48a763a94966b63e3f6a2df4c5d1dcb2934257674680cf834d9e"
published-version = "1"

[env.testnet]
chain-id = "4c78adac"
original-published-id = "0xf07019eb71c43237377d4451f36ef9974de1b5d0ffcf09748b9043cb610bd98b"
latest-published-id = "0xf07019eb71c43237377d4451f36ef9974de1b5d0ffcf09748b9043cb610bd98b"
published-version = "1"
